# This file is automatically @generated by Cargo.
# It is not intended for manual editing.
version = 3

[[package]]
name = "cli"
version = "0.1.0"
dependencies = [
 "day_01",
 "day_02",
 "day_03",
 "day_04",
 "day_05",
 "day_06",
 "day_07",
 "day_08",
 "utils",
]

[[package]]
name = "day_01"
version = "0.1.0"
dependencies = [
 "utils",
]

[[package]]
name = "day_02"
version = "0.1.0"
dependencies = [
 "utils",
]

[[package]]
name = "day_03"
version = "0.1.0"
dependencies = [
 "utils",
]

[[package]]
name = "day_04"
version = "0.1.0"
dependencies = [
 "utils",
]

[[package]]
name = "day_05"
version = "0.1.0"
dependencies = [
 "utils",
]

[[package]]
name = "day_06"
version = "0.1.0"
dependencies = [
 "utils",
]

[[package]]
name = "day_07"
version = "0.1.0"
dependencies = [
 "utils",
]

[[package]]
name = "day_08"
version = "0.1.0"
dependencies = [
 "utils",
]

[[package]]
name = "utils"
version = "0.1.0"
